
Microsoft Visual Studio Solution File, Format Version 12.00
# Visual Studio Version 16
VisualStudioVersion = 16.0.28729.10
MinimumVisualStudioVersion = 10.0.40219.1
Project("{FAE04EC0-301F-11D3-BF4B-00C04F79EFBC}") = "testproj1", "testproj1\testproj1.csproj", "{22F89084-A126-4A1C-8B51-5DA64EFD7DDA}"
EndProject
Global
	GlobalSection(SolutionConfigurationPlatforms) = preSolution
		Debug|Any CPU = Debug|Any CPU
		Release|Any CPU = Release|Any CPU
	EndGlobalSection
	GlobalSection(ProjectConfigurationPlatforms) = postSolution
		{22F89084-A126-4A1C-8B51-5DA64EFD7DDA}.Debug|Any CPU.ActiveCfg = Debug|Any CPU
		{22F89084-A126-4A1C-8B51-5DA64EFD7DDA}.Debug|Any CPU.Build.0 = Debug|Any CPU
		{22F89084-A126-4A1C-8B51-5DA64EFD7DDA}.Release|Any CPU.ActiveCfg = Release|Any CPU
		{22F89084-A126-4A1C-8B51-5DA64EFD7DDA}.Release|Any CPU.Build.0 = Release|Any CPU
	EndGlobalSection
	GlobalSection(SolutionProperties) = preSolution
		HideSolutionNode = FALSE
	EndGlobalSection
	GlobalSection(ExtensibilityGlobals) = postSolution
		SolutionGuid = {8B639A98-3F36-4B22-841C-D4334BC317DF}
	EndGlobalSection
EndGlobal
